
Microsoft Visual Studio Solution File, Format Version 12.00
# Visual Studio Version 17
VisualStudioVersion = 17.0.31903.59
MinimumVisualStudioVersion = 10.0.40219.1
Project("{2150E333-8FDC-42A3-9474-1A3956D46DE8}") = "src", "src", "{64071931-F8A4-409B-85BE-16A19C774F6C}"
EndProject
Project("{9A19103F-16F7-4668-BE54-9A1E7A4F7556}") = "ScenarioBuilder", "src\ScenarioBuilder\ScenarioBuilder.csproj", "{B36F8A30-7789-4D29-8622-58377ABC6257}"
EndProject
Project("{2150E333-8FDC-42A3-9474-1A3956D46DE8}") = "test", "test", "{F2CB0BB3-B3AC-4942-B556-2FAA4053E501}"
EndProject
Project("{9A19103F-16F7-4668-BE54-9A1E7A4F7556}") = "ScenarioBuilder.UnitTests", "test\ScenarioBuilder.UnitTests\ScenarioBuilder.UnitTests.csproj", "{C382D2BA-7D46-4D03-86C8-BA6929DACC3E}"
EndProject
Project("{9A19103F-16F7-4668-BE54-9A1E7A4F7556}") = "ScenarioBuilder.IntegrationTests", "test\ScenarioBuilder.IntegrationTests\ScenarioBuilder.IntegrationTests.csproj", "{FF4899F1-1AE8-43B6-8B94-23BDFF5E2913}"
EndProject
Project("{9A19103F-16F7-4668-BE54-9A1E7A4F7556}") = "ScenarioBuilder.TestHarness", "test\ScenarioBuilder.TestHarness\ScenarioBuilder.TestHarness.csproj", "{37AC9876-7FC2-408E-ADB3-43D9F2FD21A1}"
EndProject
Project("{2150E333-8FDC-42A3-9474-1A3956D46DE8}") = "Solution Items", "Solution Items", "{FCC7B6D7-531D-442C-A7E9-E87FEDB9AC4A}"
	ProjectSection(SolutionItems) = preProject
		.editorconfig = .editorconfig
	EndProjectSection
EndProject
Global
	GlobalSection(SolutionConfigurationPlatforms) = preSolution
		Debug|Any CPU = Debug|Any CPU
		Release|Any CPU = Release|Any CPU
	EndGlobalSection
	GlobalSection(ProjectConfigurationPlatforms) = postSolution
		{B36F8A30-7789-4D29-8622-58377ABC6257}.Debug|Any CPU.ActiveCfg = Debug|Any CPU
		{B36F8A30-7789-4D29-8622-58377ABC6257}.Debug|Any CPU.Build.0 = Debug|Any CPU
		{B36F8A30-7789-4D29-8622-58377ABC6257}.Release|Any CPU.ActiveCfg = Release|Any CPU
		{B36F8A30-7789-4D29-8622-58377ABC6257}.Release|Any CPU.Build.0 = Release|Any CPU
		{C382D2BA-7D46-4D03-86C8-BA6929DACC3E}.Debug|Any CPU.ActiveCfg = Debug|Any CPU
		{C382D2BA-7D46-4D03-86C8-BA6929DACC3E}.Debug|Any CPU.Build.0 = Debug|Any CPU
		{C382D2BA-7D46-4D03-86C8-BA6929DACC3E}.Release|Any CPU.ActiveCfg = Release|Any CPU
		{C382D2BA-7D46-4D03-86C8-BA6929DACC3E}.Release|Any CPU.Build.0 = Release|Any CPU
		{FF4899F1-1AE8-43B6-8B94-23BDFF5E2913}.Debug|Any CPU.ActiveCfg = Debug|Any CPU
		{FF4899F1-1AE8-43B6-8B94-23BDFF5E2913}.Debug|Any CPU.Build.0 = Debug|Any CPU
		{FF4899F1-1AE8-43B6-8B94-23BDFF5E2913}.Release|Any CPU.ActiveCfg = Release|Any CPU
		{FF4899F1-1AE8-43B6-8B94-23BDFF5E2913}.Release|Any CPU.Build.0 = Release|Any CPU
		{37AC9876-7FC2-408E-ADB3-43D9F2FD21A1}.Debug|Any CPU.ActiveCfg = Debug|Any CPU
		{37AC9876-7FC2-408E-ADB3-43D9F2FD21A1}.Debug|Any CPU.Build.0 = Debug|Any CPU
		{37AC9876-7FC2-408E-ADB3-43D9F2FD21A1}.Release|Any CPU.ActiveCfg = Release|Any CPU
		{37AC9876-7FC2-408E-ADB3-43D9F2FD21A1}.Release|Any CPU.Build.0 = Release|Any CPU
	EndGlobalSection
	GlobalSection(SolutionProperties) = preSolution
		HideSolutionNode = FALSE
	EndGlobalSection
	GlobalSection(NestedProjects) = preSolution
		{B36F8A30-7789-4D29-8622-58377ABC6257} = {64071931-F8A4-409B-85BE-16A19C774F6C}
		{C382D2BA-7D46-4D03-86C8-BA6929DACC3E} = {F2CB0BB3-B3AC-4942-B556-2FAA4053E501}
		{FF4899F1-1AE8-43B6-8B94-23BDFF5E2913} = {F2CB0BB3-B3AC-4942-B556-2FAA4053E501}
		{37AC9876-7FC2-408E-ADB3-43D9F2FD21A1} = {F2CB0BB3-B3AC-4942-B556-2FAA4053E501}
	EndGlobalSection
EndGlobal
